
Microsoft Visual Studio Solution File, Format Version 12.00
# Visual Studio Version 17
VisualStudioVersion = 17.4.33213.308
MinimumVisualStudioVersion = 10.0.40219.1
Project("{9A19103F-16F7-4668-BE54-9A1E7A4F7556}") = "HotelExamples", "HotelExamples\HotelExamples.csproj", "{655F462F-9D46-4998-9458-EF169381F8FA}"
EndProject
Global
	GlobalSection(SolutionConfigurationPlatforms) = preSolution
		Debug|Any CPU = Debug|Any CPU
		Release|Any CPU = Release|Any CPU
	EndGlobalSection
	GlobalSection(ProjectConfigurationPlatforms) = postSolution
		{655F462F-9D46-4998-9458-EF169381F8FA}.Debug|Any CPU.ActiveCfg = Debug|Any CPU
		{655F462F-9D46-4998-9458-EF169381F8FA}.Debug|Any CPU.Build.0 = Debug|Any CPU
		{655F462F-9D46-4998-9458-EF169381F8FA}.Release|Any CPU.ActiveCfg = Release|Any CPU
		{655F462F-9D46-4998-9458-EF169381F8FA}.Release|Any CPU.Build.0 = Release|Any CPU
	EndGlobalSection
	GlobalSection(SolutionProperties) = preSolution
		HideSolutionNode = FALSE
	EndGlobalSection
	GlobalSection(ExtensibilityGlobals) = postSolution
		SolutionGuid = {B7D0BD50-3CC1-4C77-9D8E-8AB27D1FD298}
	EndGlobalSection
EndGlobal
